# This file is automatically @generated by Cargo.
# It is not intended for manual editing.
[[package]]
name = "fork"
version = "0.1.14"
source = "registry+https://github.com/rust-lang/crates.io-index"
dependencies = [
 "libc 0.2.69 (registry+https://github.com/rust-lang/crates.io-index)",
]

[[package]]
name = "libc"
version = "0.2.69"
source = "registry+https://github.com/rust-lang/crates.io-index"

[[package]]
name = "pacman-parallelizer2"
version = "0.1.0"
dependencies = [
 "fork 0.1.14 (registry+https://github.com/rust-lang/crates.io-index)",
]

[metadata]
"checksum fork 0.1.14 (registry+https://github.com/rust-lang/crates.io-index)" = "9e2742a2e70789d9927397a7bd3d887a38ba31c70353ef046475e2e19a191b53"
"checksum libc 0.2.69 (registry+https://github.com/rust-lang/crates.io-index)" = "99e85c08494b21a9054e7fe1374a732aeadaff3980b6990b94bfd3a70f690005"
